
Microsoft Visual Studio Solution File, Format Version 12.00
# Visual Studio Version 17
VisualStudioVersion = 17.2.32616.157
MinimumVisualStudioVersion = 10.0.40219.1
Project("{FAE04EC0-301F-11D3-BF4B-00C04F79EFBC}") = "BlazorWasmOidc", "BlazorWasmOidc\BlazorWasmOidc.csproj", "{310F040F-2E74-4AFC-9A4D-37D4666F7FD3}"
EndProject
Global
	GlobalSection(SolutionConfigurationPlatforms) = preSolution
		Debug|Any CPU = Debug|Any CPU
		Release|Any CPU = Release|Any CPU
	EndGlobalSection
	GlobalSection(ProjectConfigurationPlatforms) = postSolution
		{310F040F-2E74-4AFC-9A4D-37D4666F7FD3}.Debug|Any CPU.ActiveCfg = Debug|Any CPU
		{310F040F-2E74-4AFC-9A4D-37D4666F7FD3}.Debug|Any CPU.Build.0 = Debug|Any CPU
		{310F040F-2E74-4AFC-9A4D-37D4666F7FD3}.Release|Any CPU.ActiveCfg = Release|Any CPU
		{310F040F-2E74-4AFC-9A4D-37D4666F7FD3}.Release|Any CPU.Build.0 = Release|Any CPU
	EndGlobalSection
	GlobalSection(SolutionProperties) = preSolution
		HideSolutionNode = FALSE
	EndGlobalSection
	GlobalSection(ExtensibilityGlobals) = postSolution
		SolutionGuid = {5D30B414-96B1-4802-BEBE-080E94018D19}
	EndGlobalSection
EndGlobal
