
Microsoft Visual Studio Solution File, Format Version 12.00
# Visual Studio Version 17
VisualStudioVersion = 17.2.32616.157
MinimumVisualStudioVersion = 10.0.40219.1
Project("{9A19103F-16F7-4668-BE54-9A1E7A4F7556}") = "BlazorWasmOidc", "BlazorWasmOidc\BlazorWasmOidc.csproj", "{310F040F-2E74-4AFC-9A4D-37D4666F7FD3}"
EndProject
Project("{2150E333-8FDC-42A3-9474-1A3956D46DE8}") = "Docu", "Docu", "{7C796B20-4A84-4E90-BD1B-AE143C915EAA}"
	ProjectSection(SolutionItems) = preProject
		Docu\keycloak.md = Docu\keycloak.md
		LICENSE.txt = LICENSE.txt
		README.md = README.md
	EndProjectSection
EndProject
Global
	GlobalSection(SolutionConfigurationPlatforms) = preSolution
		Debug|Any CPU = Debug|Any CPU
		Release|Any CPU = Release|Any CPU
	EndGlobalSection
	GlobalSection(ProjectConfigurationPlatforms) = postSolution
		{310F040F-2E74-4AFC-9A4D-37D4666F7FD3}.Debug|Any CPU.ActiveCfg = Debug|Any CPU
		{310F040F-2E74-4AFC-9A4D-37D4666F7FD3}.Debug|Any CPU.Build.0 = Debug|Any CPU
		{310F040F-2E74-4AFC-9A4D-37D4666F7FD3}.Release|Any CPU.ActiveCfg = Release|Any CPU
		{310F040F-2E74-4AFC-9A4D-37D4666F7FD3}.Release|Any CPU.Build.0 = Release|Any CPU
	EndGlobalSection
	GlobalSection(SolutionProperties) = preSolution
		HideSolutionNode = FALSE
	EndGlobalSection
	GlobalSection(ExtensibilityGlobals) = postSolution
		SolutionGuid = {5D30B414-96B1-4802-BEBE-080E94018D19}
	EndGlobalSection
EndGlobal
